
Microsoft Visual Studio Solution File, Format Version 12.00
# Visual Studio Version 16
VisualStudioVersion = 16.0.31112.23
MinimumVisualStudioVersion = 10.0.40219.1
Project("{FAE04EC0-301F-11D3-BF4B-00C04F79EFBC}") = "مشروع إنشاء نظام إدخال درجات طلاب", "مشروع إنشاء نظام إدخال درجات طلاب\مشروع إنشاء نظام إدخال درجات طلاب.csproj", "{D6D6659F-5F9F-4CF3-AD68-91EA08F18D5B}"
EndProject
Global
	GlobalSection(SolutionConfigurationPlatforms) = preSolution
		Debug|Any CPU = Debug|Any CPU
		Release|Any CPU = Release|Any CPU
	EndGlobalSection
	GlobalSection(ProjectConfigurationPlatforms) = postSolution
		{D6D6659F-5F9F-4CF3-AD68-91EA08F18D5B}.Debug|Any CPU.ActiveCfg = Debug|Any CPU
		{D6D6659F-5F9F-4CF3-AD68-91EA08F18D5B}.Debug|Any CPU.Build.0 = Debug|Any CPU
		{D6D6659F-5F9F-4CF3-AD68-91EA08F18D5B}.Release|Any CPU.ActiveCfg = Release|Any CPU
		{D6D6659F-5F9F-4CF3-AD68-91EA08F18D5B}.Release|Any CPU.Build.0 = Release|Any CPU
	EndGlobalSection
	GlobalSection(SolutionProperties) = preSolution
		HideSolutionNode = FALSE
	EndGlobalSection
	GlobalSection(ExtensibilityGlobals) = postSolution
		SolutionGuid = {4EA63614-BD2D-445D-828E-A9567D3ABCAB}
	EndGlobalSection
EndGlobal
